// !$*UTF8*$!
{
	archiveVersion = 1;
	classes = {
	};
	objectVersion = 50;
	objects = {

/* Begin PBXBuildFile section */
		D3972B0924059A980033A964 /* AppDelegate.swift in Sources */ = {isa = PBXBuildFile; fileRef = D3972B0824059A980033A964 /* AppDelegate.swift */; };
		D3972B0B24059A980033A964 /* SceneDelegate.swift in Sources */ = {isa = PBXBuildFile; fileRef = D3972B0A24059A980033A964 /* SceneDelegate.swift */; };
		D3972B0D24059A980033A964 /* ViewController.swift in Sources */ = {isa = PBXBuildFile; fileRef = D3972B0C24059A980033A964 /* ViewController.swift */; };
		D3972B1024059A980033A964 /* Main.storyboard in Resources */ = {isa = PBXBuildFile; fileRef = D3972B0E24059A980033A964 /* Main.storyboard */; };
		D3972B1224059A990033A964 /* Assets.xcassets in Resources */ = {isa = PBXBuildFile; fileRef = D3972B1124059A990033A964 /* Assets.xcassets */; };
		D3972B1524059A990033A964 /* LaunchScreen.storyboard in Resources */ = {isa = PBXBuildFile; fileRef = D3972B1324059A990033A964 /* LaunchScreen.storyboard */; };
		D3972B2324059B9B0033A964 /* Album.swift in Sources */ = {isa = PBXBuildFile; fileRef = D3972B2224059B9B0033A964 /* Album.swift */; };
		D3972B2524059BE60033A964 /* FeedContent.swift in Sources */ = {isa = PBXBuildFile; fileRef = D3972B2424059BE60033A964 /* FeedContent.swift */; };
		D3972B2924059D160033A964 /* Genre.swift in Sources */ = {isa = PBXBuildFile; fileRef = D3972B2824059D160033A964 /* Genre.swift */; };
		D3972DEE2405A8AE0033A964 /* DateFormatter+.swift in Sources */ = {isa = PBXBuildFile; fileRef = D3972DED2405A8AE0033A964 /* DateFormatter+.swift */; };
		D3972DF72405F4640033A964 /* RSSFeed.swift in Sources */ = {isa = PBXBuildFile; fileRef = D3972DF62405F4640033A964 /* RSSFeed.swift */; };
/* End PBXBuildFile section */

/* Begin PBXFileReference section */
		D3972B0524059A980033A964 /* Nike_TopAlbumsExample.app */ = {isa = PBXFileReference; explicitFileType = wrapper.application; includeInIndex = 0; path = Nike_TopAlbumsExample.app; sourceTree = BUILT_PRODUCTS_DIR; };
		D3972B0824059A980033A964 /* AppDelegate.swift */ = {isa = PBXFileReference; lastKnownFileType = sourcecode.swift; path = AppDelegate.swift; sourceTree = "<group>"; };
		D3972B0A24059A980033A964 /* SceneDelegate.swift */ = {isa = PBXFileReference; lastKnownFileType = sourcecode.swift; path = SceneDelegate.swift; sourceTree = "<group>"; };
		D3972B0C24059A980033A964 /* ViewController.swift */ = {isa = PBXFileReference; lastKnownFileType = sourcecode.swift; path = ViewController.swift; sourceTree = "<group>"; };
		D3972B0F24059A980033A964 /* Base */ = {isa = PBXFileReference; lastKnownFileType = file.storyboard; name = Base; path = Base.lproj/Main.storyboard; sourceTree = "<group>"; };
		D3972B1124059A990033A964 /* Assets.xcassets */ = {isa = PBXFileReference; lastKnownFileType = folder.assetcatalog; path = Assets.xcassets; sourceTree = "<group>"; };
		D3972B1424059A990033A964 /* Base */ = {isa = PBXFileReference; lastKnownFileType = file.storyboard; name = Base; path = Base.lproj/LaunchScreen.storyboard; sourceTree = "<group>"; };
		D3972B1624059A990033A964 /* Info.plist */ = {isa = PBXFileReference; lastKnownFileType = text.plist.xml; path = Info.plist; sourceTree = "<group>"; };
		D3972B2224059B9B0033A964 /* Album.swift */ = {isa = PBXFileReference; lastKnownFileType = sourcecode.swift; path = Album.swift; sourceTree = "<group>"; };
		D3972B2424059BE60033A964 /* FeedContent.swift */ = {isa = PBXFileReference; lastKnownFileType = sourcecode.swift; path = FeedContent.swift; sourceTree = "<group>"; };
		D3972B2824059D160033A964 /* Genre.swift */ = {isa = PBXFileReference; lastKnownFileType = sourcecode.swift; path = Genre.swift; sourceTree = "<group>"; };
		D3972DED2405A8AE0033A964 /* DateFormatter+.swift */ = {isa = PBXFileReference; lastKnownFileType = sourcecode.swift; path = "DateFormatter+.swift"; sourceTree = "<group>"; };
		D3972DF62405F4640033A964 /* RSSFeed.swift */ = {isa = PBXFileReference; lastKnownFileType = sourcecode.swift; path = RSSFeed.swift; sourceTree = "<group>"; };
/* End PBXFileReference section */

/* Begin PBXFrameworksBuildPhase section */
		D3972B0224059A980033A964 /* Frameworks */ = {
			isa = PBXFrameworksBuildPhase;
			buildActionMask = 2147483647;
			files = (
			);
			runOnlyForDeploymentPostprocessing = 0;
		};
/* End PBXFrameworksBuildPhase section */

/* Begin PBXGroup section */
		D3972AFC24059A980033A964 = {
			isa = PBXGroup;
			children = (
				D3972B0724059A980033A964 /* Nike_TopAlbumsExample */,
				D3972B0624059A980033A964 /* Products */,
			);
			sourceTree = "<group>";
		};
		D3972B0624059A980033A964 /* Products */ = {
			isa = PBXGroup;
			children = (
				D3972B0524059A980033A964 /* Nike_TopAlbumsExample.app */,
			);
			name = Products;
			sourceTree = "<group>";
		};
		D3972B0724059A980033A964 /* Nike_TopAlbumsExample */ = {
			isa = PBXGroup;
			children = (
				D3972DEF2405B99D0033A964 /* Networking */,
				D3972B1C24059AFA0033A964 /* Codable Models */,
				D3972B1D24059B0C0033A964 /* Views */,
				D3972B1E24059B120033A964 /* Controllers */,
				D3972DEC2405A89F0033A964 /* Extensions */,
				D3972B1F24059B250033A964 /* Core */,
			);
			path = Nike_TopAlbumsExample;
			sourceTree = "<group>";
		};
		D3972B1C24059AFA0033A964 /* Codable Models */ = {
			isa = PBXGroup;
			children = (
				D3972DF62405F4640033A964 /* RSSFeed.swift */,
				D3972B2424059BE60033A964 /* FeedContent.swift */,
				D3972B2224059B9B0033A964 /* Album.swift */,
				D3972B2824059D160033A964 /* Genre.swift */,
			);
			path = "Codable Models";
			sourceTree = "<group>";
		};
		D3972B1D24059B0C0033A964 /* Views */ = {
			isa = PBXGroup;
			children = (
			);
			path = Views;
			sourceTree = "<group>";
		};
		D3972B1E24059B120033A964 /* Controllers */ = {
			isa = PBXGroup;
			children = (
				D3972B0C24059A980033A964 /* ViewController.swift */,
			);
			path = Controllers;
			sourceTree = "<group>";
		};
		D3972B1F24059B250033A964 /* Core */ = {
			isa = PBXGroup;
			children = (
				D3972B0824059A980033A964 /* AppDelegate.swift */,
				D3972B0A24059A980033A964 /* SceneDelegate.swift */,
				D3972B0E24059A980033A964 /* Main.storyboard */,
				D3972B1124059A990033A964 /* Assets.xcassets */,
				D3972B1324059A990033A964 /* LaunchScreen.storyboard */,
				D3972B1624059A990033A964 /* Info.plist */,
			);
			name = Core;
			sourceTree = "<group>";
		};
		D3972DEC2405A89F0033A964 /* Extensions */ = {
			isa = PBXGroup;
			children = (
				D3972DED2405A8AE0033A964 /* DateFormatter+.swift */,
			);
			path = Extensions;
			sourceTree = "<group>";
		};
		D3972DEF2405B99D0033A964 /* Networking */ = {
			isa = PBXGroup;
			children = (
			);
			path = Networking;
			sourceTree = "<group>";
		};
/* End PBXGroup section */

/* Begin PBXNativeTarget section */
		D3972B0424059A980033A964 /* Nike_TopAlbumsExample */ = {
			isa = PBXNativeTarget;
			buildConfigurationList = D3972B1924059A990033A964 /* Build configuration list for PBXNativeTarget "Nike_TopAlbumsExample" */;
			buildPhases = (
				D3972B0124059A980033A964 /* Sources */,
				D3972B0224059A980033A964 /* Frameworks */,
				D3972B0324059A980033A964 /* Resources */,
			);
			buildRules = (
			);
			dependencies = (
			);
			name = Nike_TopAlbumsExample;
			productName = Nike_TopAlbumsExample;
			productReference = D3972B0524059A980033A964 /* Nike_TopAlbumsExample.app */;
			productType = "com.apple.product-type.application";
		};
/* End PBXNativeTarget section */

/* Begin PBXProject section */
		D3972AFD24059A980033A964 /* Project object */ = {
			isa = PBXProject;
			attributes = {
				LastSwiftUpdateCheck = 1130;
				LastUpgradeCheck = 1130;
				ORGANIZATIONNAME = "Brian Schick";
				TargetAttributes = {
					D3972B0424059A980033A964 = {
						CreatedOnToolsVersion = 11.3.1;
					};
				};
			};
			buildConfigurationList = D3972B0024059A980033A964 /* Build configuration list for PBXProject "Nike_TopAlbumsExample" */;
			compatibilityVersion = "Xcode 9.3";
			developmentRegion = en;
			hasScannedForEncodings = 0;
			knownRegions = (
				en,
				Base,
			);
			mainGroup = D3972AFC24059A980033A964;
			productRefGroup = D3972B0624059A980033A964 /* Products */;
			projectDirPath = "";
			projectRoot = "";
			targets = (
				D3972B0424059A980033A964 /* Nike_TopAlbumsExample */,
			);
		};
/* End PBXProject section */

/* Begin PBXResourcesBuildPhase section */
		D3972B0324059A980033A964 /* Resources */ = {
			isa = PBXResourcesBuildPhase;
			buildActionMask = 2147483647;
			files = (
				D3972B1524059A990033A964 /* LaunchScreen.storyboard in Resources */,
				D3972B1224059A990033A964 /* Assets.xcassets in Resources */,
				D3972B1024059A980033A964 /* Main.storyboard in Resources */,
			);
			runOnlyForDeploymentPostprocessing = 0;
		};
/* End PBXResourcesBuildPhase section */

/* Begin PBXSourcesBuildPhase section */
		D3972B0124059A980033A964 /* Sources */ = {
			isa = PBXSourcesBuildPhase;
			buildActionMask = 2147483647;
			files = (
				D3972B0D24059A980033A964 /* ViewController.swift in Sources */,
				D3972DF72405F4640033A964 /* RSSFeed.swift in Sources */,
				D3972B2524059BE60033A964 /* FeedContent.swift in Sources */,
				D3972DEE2405A8AE0033A964 /* DateFormatter+.swift in Sources */,
				D3972B0924059A980033A964 /* AppDelegate.swift in Sources */,
				D3972B0B24059A980033A964 /* SceneDelegate.swift in Sources */,
				D3972B2324059B9B0033A964 /* Album.swift in Sources */,
				D3972B2924059D160033A964 /* Genre.swift in Sources */,
			);
			runOnlyForDeploymentPostprocessing = 0;
		};
/* End PBXSourcesBuildPhase section */

/* Begin PBXVariantGroup section */
		D3972B0E24059A980033A964 /* Main.storyboard */ = {
			isa = PBXVariantGroup;
			children = (
				D3972B0F24059A980033A964 /* Base */,
			);
			name = Main.storyboard;
			sourceTree = "<group>";
		};
		D3972B1324059A990033A964 /* LaunchScreen.storyboard */ = {
			isa = PBXVariantGroup;
			children = (
				D3972B1424059A990033A964 /* Base */,
			);
			name = LaunchScreen.storyboard;
			sourceTree = "<group>";
		};
/* End PBXVariantGroup section */

/* Begin XCBuildConfiguration section */
		D3972B1724059A990033A964 /* Debug */ = {
			isa = XCBuildConfiguration;
			buildSettings = {
				ALWAYS_SEARCH_USER_PATHS = NO;
				CLANG_ANALYZER_NONNULL = YES;
				CLANG_ANALYZER_NUMBER_OBJECT_CONVERSION = YES_AGGRESSIVE;
				CLANG_CXX_LANGUAGE_STANDARD = "gnu++14";
				CLANG_CXX_LIBRARY = "libc++";
				CLANG_ENABLE_MODULES = YES;
				CLANG_ENABLE_OBJC_ARC = YES;
				CLANG_ENABLE_OBJC_WEAK = YES;
				CLANG_WARN_BLOCK_CAPTURE_AUTORELEASING = YES;
				CLANG_WARN_BOOL_CONVERSION = YES;
				CLANG_WARN_COMMA = YES;
				CLANG_WARN_CONSTANT_CONVERSION = YES;
				CLANG_WARN_DEPRECATED_OBJC_IMPLEMENTATIONS = YES;
				CLANG_WARN_DIRECT_OBJC_ISA_USAGE = YES_ERROR;
				CLANG_WARN_DOCUMENTATION_COMMENTS = YES;
				CLANG_WARN_EMPTY_BODY = YES;
				CLANG_WARN_ENUM_CONVERSION = YES;
				CLANG_WARN_INFINITE_RECURSION = YES;
				CLANG_WARN_INT_CONVERSION = YES;
				CLANG_WARN_NON_LITERAL_NULL_CONVERSION = YES;
				CLANG_WARN_OBJC_IMPLICIT_RETAIN_SELF = YES;
				CLANG_WARN_OBJC_LITERAL_CONVERSION = YES;
				CLANG_WARN_OBJC_ROOT_CLASS = YES_ERROR;
				CLANG_WARN_RANGE_LOOP_ANALYSIS = YES;
				CLANG_WARN_STRICT_PROTOTYPES = YES;
				CLANG_WARN_SUSPICIOUS_MOVE = YES;
				CLANG_WARN_UNGUARDED_AVAILABILITY = YES_AGGRESSIVE;
				CLANG_WARN_UNREACHABLE_CODE = YES;
				CLANG_WARN__DUPLICATE_METHOD_MATCH = YES;
				COPY_PHASE_STRIP = NO;
				DEBUG_INFORMATION_FORMAT = dwarf;
				ENABLE_STRICT_OBJC_MSGSEND = YES;
				ENABLE_TESTABILITY = YES;
				GCC_C_LANGUAGE_STANDARD = gnu11;
				GCC_DYNAMIC_NO_PIC = NO;
				GCC_NO_COMMON_BLOCKS = YES;
				GCC_OPTIMIZATION_LEVEL = 0;
				GCC_PREPROCESSOR_DEFINITIONS = (
					"DEBUG=1",
					"$(inherited)",
				);
				GCC_WARN_64_TO_32_BIT_CONVERSION = YES;
				GCC_WARN_ABOUT_RETURN_TYPE = YES_ERROR;
				GCC_WARN_UNDECLARED_SELECTOR = YES;
				GCC_WARN_UNINITIALIZED_AUTOS = YES_AGGRESSIVE;
				GCC_WARN_UNUSED_FUNCTION = YES;
				GCC_WARN_UNUSED_VARIABLE = YES;
				IPHONEOS_DEPLOYMENT_TARGET = 13.2;
				MTL_ENABLE_DEBUG_INFO = INCLUDE_SOURCE;
				MTL_FAST_MATH = YES;
				ONLY_ACTIVE_ARCH = YES;
				SDKROOT = iphoneos;
				SWIFT_ACTIVE_COMPILATION_CONDITIONS = DEBUG;
				SWIFT_OPTIMIZATION_LEVEL = "-Onone";
			};
			name = Debug;
		};
		D3972B1824059A990033A964 /* Release */ = {
			isa = XCBuildConfiguration;
			buildSettings = {
				ALWAYS_SEARCH_USER_PATHS = NO;
				CLANG_ANALYZER_NONNULL = YES;
				CLANG_ANALYZER_NUMBER_OBJECT_CONVERSION = YES_AGGRESSIVE;
				CLANG_CXX_LANGUAGE_STANDARD = "gnu++14";
				CLANG_CXX_LIBRARY = "libc++";
				CLANG_ENABLE_MODULES = YES;
				CLANG_ENABLE_OBJC_ARC = YES;
				CLANG_ENABLE_OBJC_WEAK = YES;
				CLANG_WARN_BLOCK_CAPTURE_AUTORELEASING = YES;
				CLANG_WARN_BOOL_CONVERSION = YES;
				CLANG_WARN_COMMA = YES;
				CLANG_WARN_CONSTANT_CONVERSION = YES;
				CLANG_WARN_DEPRECATED_OBJC_IMPLEMENTATIONS = YES;
				CLANG_WARN_DIRECT_OBJC_ISA_USAGE = YES_ERROR;
				CLANG_WARN_DOCUMENTATION_COMMENTS = YES;
				CLANG_WARN_EMPTY_BODY = YES;
				CLANG_WARN_ENUM_CONVERSION = YES;
				CLANG_WARN_INFINITE_RECURSION = YES;
				CLANG_WARN_INT_CONVERSION = YES;
				CLANG_WARN_NON_LITERAL_NULL_CONVERSION = YES;
				CLANG_WARN_OBJC_IMPLICIT_RETAIN_SELF = YES;
				CLANG_WARN_OBJC_LITERAL_CONVERSION = YES;
				CLANG_WARN_OBJC_ROOT_CLASS = YES_ERROR;
				CLANG_WARN_RANGE_LOOP_ANALYSIS = YES;
				CLANG_WARN_STRICT_PROTOTYPES = YES;
				CLANG_WARN_SUSPICIOUS_MOVE = YES;
				CLANG_WARN_UNGUARDED_AVAILABILITY = YES_AGGRESSIVE;
				CLANG_WARN_UNREACHABLE_CODE = YES;
				CLANG_WARN__DUPLICATE_METHOD_MATCH = YES;
				COPY_PHASE_STRIP = NO;
				DEBUG_INFORMATION_FORMAT = "dwarf-with-dsym";
				ENABLE_NS_ASSERTIONS = NO;
				ENABLE_STRICT_OBJC_MSGSEND = YES;
				GCC_C_LANGUAGE_STANDARD = gnu11;
				GCC_NO_COMMON_BLOCKS = YES;
				GCC_WARN_64_TO_32_BIT_CONVERSION = YES;
				GCC_WARN_ABOUT_RETURN_TYPE = YES_ERROR;
				GCC_WARN_UNDECLARED_SELECTOR = YES;
				GCC_WARN_UNINITIALIZED_AUTOS = YES_AGGRESSIVE;
				GCC_WARN_UNUSED_FUNCTION = YES;
				GCC_WARN_UNUSED_VARIABLE = YES;
				IPHONEOS_DEPLOYMENT_TARGET = 13.2;
				MTL_ENABLE_DEBUG_INFO = NO;
				MTL_FAST_MATH = YES;
				SDKROOT = iphoneos;
				SWIFT_COMPILATION_MODE = wholemodule;
				SWIFT_OPTIMIZATION_LEVEL = "-O";
				VALIDATE_PRODUCT = YES;
			};
			name = Release;
		};
		D3972B1A24059A990033A964 /* Debug */ = {
			isa = XCBuildConfiguration;
			buildSettings = {
				ASSETCATALOG_COMPILER_APPICON_NAME = AppIcon;
				CODE_SIGN_STYLE = Automatic;
				DEVELOPMENT_TEAM = 3YBJVXRAQH;
				INFOPLIST_FILE = Nike_TopAlbumsExample/Info.plist;
				LD_RUNPATH_SEARCH_PATHS = (
					"$(inherited)",
					"@executable_path/Frameworks",
				);
				PRODUCT_BUNDLE_IDENTIFIER = "com.brianschick.Nike-TopAlbumsExample";
				PRODUCT_NAME = "$(TARGET_NAME)";
				SWIFT_VERSION = 5.0;
				TARGETED_DEVICE_FAMILY = 1;
			};
			name = Debug;
		};
		D3972B1B24059A990033A964 /* Release */ = {
			isa = XCBuildConfiguration;
			buildSettings = {
				ASSETCATALOG_COMPILER_APPICON_NAME = AppIcon;
				CODE_SIGN_STYLE = Automatic;
				DEVELOPMENT_TEAM = 3YBJVXRAQH;
				INFOPLIST_FILE = Nike_TopAlbumsExample/Info.plist;
				LD_RUNPATH_SEARCH_PATHS = (
					"$(inherited)",
					"@executable_path/Frameworks",
				);
				PRODUCT_BUNDLE_IDENTIFIER = "com.brianschick.Nike-TopAlbumsExample";
				PRODUCT_NAME = "$(TARGET_NAME)";
				SWIFT_VERSION = 5.0;
				TARGETED_DEVICE_FAMILY = 1;
			};
			name = Release;
		};
/* End XCBuildConfiguration section */

/* Begin XCConfigurationList section */
		D3972B0024059A980033A964 /* Build configuration list for PBXProject "Nike_TopAlbumsExample" */ = {
			isa = XCConfigurationList;
			buildConfigurations = (
				D3972B1724059A990033A964 /* Debug */,
				D3972B1824059A990033A964 /* Release */,
			);
			defaultConfigurationIsVisible = 0;
			defaultConfigurationName = Release;
		};
		D3972B1924059A990033A964 /* Build configuration list for PBXNativeTarget "Nike_TopAlbumsExample" */ = {
			isa = XCConfigurationList;
			buildConfigurations = (
				D3972B1A24059A990033A964 /* Debug */,
				D3972B1B24059A990033A964 /* Release */,
			);
			defaultConfigurationIsVisible = 0;
			defaultConfigurationName = Release;
		};
/* End XCConfigurationList section */
	};
	rootObject = D3972AFD24059A980033A964 /* Project object */;
}
